
Microsoft Visual Studio Solution File, Format Version 12.00
# Visual Studio 15
VisualStudioVersion = 15.0.28010.2036
MinimumVisualStudioVersion = 10.0.40219.1
Project("{8BC9CEB8-8B4A-11D0-8D11-00A0C91BC942}") = "Lab2-2", "Lab2-2\Lab2-2.vcxproj", "{426B0D71-BF3A-44A1-98B3-3A6596593543}"
EndProject
Global
	GlobalSection(SolutionConfigurationPlatforms) = preSolution
		Debug|x64 = Debug|x64
		Debug|x86 = Debug|x86
		Release|x64 = Release|x64
		Release|x86 = Release|x86
	EndGlobalSection
	GlobalSection(ProjectConfigurationPlatforms) = postSolution
		{426B0D71-BF3A-44A1-98B3-3A6596593543}.Debug|x64.ActiveCfg = Debug|x64
		{426B0D71-BF3A-44A1-98B3-3A6596593543}.Debug|x64.Build.0 = Debug|x64
		{426B0D71-BF3A-44A1-98B3-3A6596593543}.Debug|x86.ActiveCfg = Debug|Win32
		{426B0D71-BF3A-44A1-98B3-3A6596593543}.Debug|x86.Build.0 = Debug|Win32
		{426B0D71-BF3A-44A1-98B3-3A6596593543}.Release|x64.ActiveCfg = Release|x64
		{426B0D71-BF3A-44A1-98B3-3A6596593543}.Release|x64.Build.0 = Release|x64
		{426B0D71-BF3A-44A1-98B3-3A6596593543}.Release|x86.ActiveCfg = Release|Win32
		{426B0D71-BF3A-44A1-98B3-3A6596593543}.Release|x86.Build.0 = Release|Win32
	EndGlobalSection
	GlobalSection(SolutionProperties) = preSolution
		HideSolutionNode = FALSE
	EndGlobalSection
	GlobalSection(ExtensibilityGlobals) = postSolution
		SolutionGuid = {63546319-6549-4E34-94B8-E3DAC50B7F40}
	EndGlobalSection
EndGlobal
